// !$*UTF8*$!
{
	archiveVersion = 1;
	classes = {
	};
	objectVersion = 50;
	objects = {

/* Begin PBXBuildFile section */
		0D80C7555334BC0A30F3CED3 /* Pods_CinemaUITests.framework in Frameworks */ = {isa = PBXBuildFile; fileRef = FA35D11CE26C3ED24B4C1A76 /* Pods_CinemaUITests.framework */; };
		47D42A4F505FDBE0520FEDFC /* Pods_Cinema.framework in Frameworks */ = {isa = PBXBuildFile; fileRef = 6B39E525155A060BFFB8B5B1 /* Pods_Cinema.framework */; };
		6C08774D122BBC3FE18DAEE3 /* Pods_CinemaTests.framework in Frameworks */ = {isa = PBXBuildFile; fileRef = 825234A8DB0BBAD1B5DE87FB /* Pods_CinemaTests.framework */; };
		9F1427C92245F98700E71F0F /* Constants.swift in Sources */ = {isa = PBXBuildFile; fileRef = 9F1427C82245F98700E71F0F /* Constants.swift */; };
		9F1427CD2246068600E71F0F /* TMDBServiceTests.swift in Sources */ = {isa = PBXBuildFile; fileRef = 9F1427CC2246068600E71F0F /* TMDBServiceTests.swift */; };
		9F1427D42246170400E71F0F /* DiscoverBuilderTests.swift in Sources */ = {isa = PBXBuildFile; fileRef = 9F1427D32246170400E71F0F /* DiscoverBuilderTests.swift */; };
		9F1427D72246181F00E71F0F /* MockObject.swift in Sources */ = {isa = PBXBuildFile; fileRef = 9F1427D62246181F00E71F0F /* MockObject.swift */; };
		9F1427DA22461B8D00E71F0F /* DiscoverRouterTests.swift in Sources */ = {isa = PBXBuildFile; fileRef = 9F1427D922461B8D00E71F0F /* DiscoverRouterTests.swift */; };
		9F1427DF22462D3400E71F0F /* DiscoverInteractorTests.swift in Sources */ = {isa = PBXBuildFile; fileRef = 9F1427DE22462D3400E71F0F /* DiscoverInteractorTests.swift */; };
		9F1427E12246322E00E71F0F /* DiscoverPresenterTests.swift in Sources */ = {isa = PBXBuildFile; fileRef = 9F1427E02246322E00E71F0F /* DiscoverPresenterTests.swift */; };
		9F1427E52246466E00E71F0F /* DiscoverViewControllerTests.swift in Sources */ = {isa = PBXBuildFile; fileRef = 9F1427E42246466E00E71F0F /* DiscoverViewControllerTests.swift */; };
		9F1427EB22465AAD00E71F0F /* MovieBuilderTests.swift in Sources */ = {isa = PBXBuildFile; fileRef = 9F1427EA22465AAD00E71F0F /* MovieBuilderTests.swift */; };
		9F1427ED22465ABD00E71F0F /* MoviePresenterTests.swift in Sources */ = {isa = PBXBuildFile; fileRef = 9F1427EC22465ABD00E71F0F /* MoviePresenterTests.swift */; };
		9F1427EF22465ACB00E71F0F /* MovieRouterTests.swift in Sources */ = {isa = PBXBuildFile; fileRef = 9F1427EE22465ACB00E71F0F /* MovieRouterTests.swift */; };
		9F1427F122465ADC00E71F0F /* MovieInteractorTests.swift in Sources */ = {isa = PBXBuildFile; fileRef = 9F1427F022465ADC00E71F0F /* MovieInteractorTests.swift */; };
		9F1427F322465B0A00E71F0F /* MovieViewControllerTests.swift in Sources */ = {isa = PBXBuildFile; fileRef = 9F1427F222465B0A00E71F0F /* MovieViewControllerTests.swift */; };
		9F1427F622467B9300E71F0F /* DiscoverCellSnapshotTests.swift in Sources */ = {isa = PBXBuildFile; fileRef = 9F1427F522467B9300E71F0F /* DiscoverCellSnapshotTests.swift */; };
		9F1427F822467BA600E71F0F /* MovieDetailCellSnapshotTests.swift in Sources */ = {isa = PBXBuildFile; fileRef = 9F1427F722467BA600E71F0F /* MovieDetailCellSnapshotTests.swift */; };
		9F17F5FF22414C7900F418D1 /* TMDBService.swift in Sources */ = {isa = PBXBuildFile; fileRef = 9F17F5FE22414C7900F418D1 /* TMDBService.swift */; };
		9FA1D90B2242B569006381C6 /* DiscoverCellViewModel.swift in Sources */ = {isa = PBXBuildFile; fileRef = 9FA1D90A2242B569006381C6 /* DiscoverCellViewModel.swift */; };
		9FA1D90D2242D628006381C6 /* MovieDetailsCell.swift in Sources */ = {isa = PBXBuildFile; fileRef = 9FA1D90C2242D628006381C6 /* MovieDetailsCell.swift */; };
		9FA1D90F2242D63C006381C6 /* MovieDetailsCell.xib in Resources */ = {isa = PBXBuildFile; fileRef = 9FA1D90E2242D63C006381C6 /* MovieDetailsCell.xib */; };
		9FA1D9112242D65C006381C6 /* MovieDetailsCellViewModel.swift in Sources */ = {isa = PBXBuildFile; fileRef = 9FA1D9102242D65C006381C6 /* MovieDetailsCellViewModel.swift */; };
		9FA1E3042243CE51006381C6 /* WebViewController.swift in Sources */ = {isa = PBXBuildFile; fileRef = 9FA1E3032243CE51006381C6 /* WebViewController.swift */; };
		9FA1E3E22243D5A3006381C6 /* DiscoverViewModel.swift in Sources */ = {isa = PBXBuildFile; fileRef = 9FA1E3E12243D5A3006381C6 /* DiscoverViewModel.swift */; };
		9FA1E3E42243D5CC006381C6 /* MovieViewModel.swift in Sources */ = {isa = PBXBuildFile; fileRef = 9FA1E3E32243D5CC006381C6 /* MovieViewModel.swift */; };
		9FBD33202241533300DEBC0C /* Discover.swift in Sources */ = {isa = PBXBuildFile; fileRef = 9FBD331F2241533300DEBC0C /* Discover.swift */; };
		9FBD33222241536700DEBC0C /* DiscoverDetail.swift in Sources */ = {isa = PBXBuildFile; fileRef = 9FBD33212241536700DEBC0C /* DiscoverDetail.swift */; };
		9FBD3326224173A500DEBC0C /* Movie.swift in Sources */ = {isa = PBXBuildFile; fileRef = 9FBD3325224173A500DEBC0C /* Movie.swift */; };
		9FBD3328224178FE00DEBC0C /* BelongsToCollection.swift in Sources */ = {isa = PBXBuildFile; fileRef = 9FBD3327224178FE00DEBC0C /* BelongsToCollection.swift */; };
		9FBD332A2241791300DEBC0C /* ProductionCompanies.swift in Sources */ = {isa = PBXBuildFile; fileRef = 9FBD33292241791300DEBC0C /* ProductionCompanies.swift */; };
		9FBD332C2241792600DEBC0C /* ProductionCountries.swift in Sources */ = {isa = PBXBuildFile; fileRef = 9FBD332B2241792600DEBC0C /* ProductionCountries.swift */; };
		9FBD332E2241793600DEBC0C /* SpokenLanguages.swift in Sources */ = {isa = PBXBuildFile; fileRef = 9FBD332D2241793600DEBC0C /* SpokenLanguages.swift */; };
		9FBD333022417A9200DEBC0C /* Genre.swift in Sources */ = {isa = PBXBuildFile; fileRef = 9FBD332F22417A9200DEBC0C /* Genre.swift */; };
		9FBD333A22427DAA00DEBC0C /* DiscoverBuilder.swift in Sources */ = {isa = PBXBuildFile; fileRef = 9FBD333922427DAA00DEBC0C /* DiscoverBuilder.swift */; };
		9FBD333C22427E6E00DEBC0C /* DiscoverPresenter.swift in Sources */ = {isa = PBXBuildFile; fileRef = 9FBD333B22427E6E00DEBC0C /* DiscoverPresenter.swift */; };
		9FBD333E22427E8300DEBC0C /* DiscoverRouter.swift in Sources */ = {isa = PBXBuildFile; fileRef = 9FBD333D22427E8300DEBC0C /* DiscoverRouter.swift */; };
		9FBD334022427E9800DEBC0C /* DiscoverInteractor.swift in Sources */ = {isa = PBXBuildFile; fileRef = 9FBD333F22427E9800DEBC0C /* DiscoverInteractor.swift */; };
		9FBD334222427EA900DEBC0C /* DiscoverViewController.swift in Sources */ = {isa = PBXBuildFile; fileRef = 9FBD334122427EA900DEBC0C /* DiscoverViewController.swift */; };
		9FBD334422427EC000DEBC0C /* DiscoverViewController.xib in Resources */ = {isa = PBXBuildFile; fileRef = 9FBD334322427EC000DEBC0C /* DiscoverViewController.xib */; };
		9FBD334622427ED500DEBC0C /* MovieBuilder.swift in Sources */ = {isa = PBXBuildFile; fileRef = 9FBD334522427ED500DEBC0C /* MovieBuilder.swift */; };
		9FBD334822427EF300DEBC0C /* MoviePresenter.swift in Sources */ = {isa = PBXBuildFile; fileRef = 9FBD334722427EF300DEBC0C /* MoviePresenter.swift */; };
		9FBD334A22427F0600DEBC0C /* MovieInteractor.swift in Sources */ = {isa = PBXBuildFile; fileRef = 9FBD334922427F0600DEBC0C /* MovieInteractor.swift */; };
		9FBD334C22427F1A00DEBC0C /* MovieRouter.swift in Sources */ = {isa = PBXBuildFile; fileRef = 9FBD334B22427F1A00DEBC0C /* MovieRouter.swift */; };
		9FBD334E22427F2E00DEBC0C /* MovieViewController.swift in Sources */ = {isa = PBXBuildFile; fileRef = 9FBD334D22427F2E00DEBC0C /* MovieViewController.swift */; };
		9FBD335022427F4100DEBC0C /* MovieViewController.xib in Resources */ = {isa = PBXBuildFile; fileRef = 9FBD334F22427F4100DEBC0C /* MovieViewController.xib */; };
		9FBD335222427F9100DEBC0C /* DiscoverProtocols.swift in Sources */ = {isa = PBXBuildFile; fileRef = 9FBD335122427F9100DEBC0C /* DiscoverProtocols.swift */; };
		9FBD335422427F9F00DEBC0C /* MovieProtocols.swift in Sources */ = {isa = PBXBuildFile; fileRef = 9FBD335322427F9F00DEBC0C /* MovieProtocols.swift */; };
		9FBD33562242914A00DEBC0C /* DiscoverCell.swift in Sources */ = {isa = PBXBuildFile; fileRef = 9FBD33552242914A00DEBC0C /* DiscoverCell.swift */; };
		9FBD33582242915C00DEBC0C /* DiscoverCell.xib in Resources */ = {isa = PBXBuildFile; fileRef = 9FBD33572242915C00DEBC0C /* DiscoverCell.xib */; };
		9FBD335C2242AF1F00DEBC0C /* Assets.xcassets in Resources */ = {isa = PBXBuildFile; fileRef = 9FBD335B2242AF1F00DEBC0C /* Assets.xcassets */; };
		9FD3DF69224146CC004DE327 /* AppDelegate.swift in Sources */ = {isa = PBXBuildFile; fileRef = 9FD3DF68224146CC004DE327 /* AppDelegate.swift */; };
		9FD3DF73224146CF004DE327 /* LaunchScreen.storyboard in Resources */ = {isa = PBXBuildFile; fileRef = 9FD3DF71224146CF004DE327 /* LaunchScreen.storyboard */; };
		9FD3DF7E224146CF004DE327 /* CinemaTests.swift in Sources */ = {isa = PBXBuildFile; fileRef = 9FD3DF7D224146CF004DE327 /* CinemaTests.swift */; };
		9FD3DF89224146CF004DE327 /* CinemaUITests.swift in Sources */ = {isa = PBXBuildFile; fileRef = 9FD3DF88224146CF004DE327 /* CinemaUITests.swift */; };
/* End PBXBuildFile section */

/* Begin PBXContainerItemProxy section */
		9FD3DF7A224146CF004DE327 /* PBXContainerItemProxy */ = {
			isa = PBXContainerItemProxy;
			containerPortal = 9FD3DF5D224146CC004DE327 /* Project object */;
			proxyType = 1;
			remoteGlobalIDString = 9FD3DF64224146CC004DE327;
			remoteInfo = Cinema;
		};
		9FD3DF85224146CF004DE327 /* PBXContainerItemProxy */ = {
			isa = PBXContainerItemProxy;
			containerPortal = 9FD3DF5D224146CC004DE327 /* Project object */;
			proxyType = 1;
			remoteGlobalIDString = 9FD3DF64224146CC004DE327;
			remoteInfo = Cinema;
		};
/* End PBXContainerItemProxy section */

/* Begin PBXFileReference section */
		57E360C50C05FF66370D855F /* Pods-CinemaUITests.release.xcconfig */ = {isa = PBXFileReference; includeInIndex = 1; lastKnownFileType = text.xcconfig; name = "Pods-CinemaUITests.release.xcconfig"; path = "Target Support Files/Pods-CinemaUITests/Pods-CinemaUITests.release.xcconfig"; sourceTree = "<group>"; };
		5B1DC811EBCE32374501728B /* Pods-CinemaTests.release.xcconfig */ = {isa = PBXFileReference; includeInIndex = 1; lastKnownFileType = text.xcconfig; name = "Pods-CinemaTests.release.xcconfig"; path = "Target Support Files/Pods-CinemaTests/Pods-CinemaTests.release.xcconfig"; sourceTree = "<group>"; };
		5E1C8663489AA76B256B8CC4 /* Pods-Cinema.debug.xcconfig */ = {isa = PBXFileReference; includeInIndex = 1; lastKnownFileType = text.xcconfig; name = "Pods-Cinema.debug.xcconfig"; path = "Target Support Files/Pods-Cinema/Pods-Cinema.debug.xcconfig"; sourceTree = "<group>"; };
		6B39E525155A060BFFB8B5B1 /* Pods_Cinema.framework */ = {isa = PBXFileReference; explicitFileType = wrapper.framework; includeInIndex = 0; path = Pods_Cinema.framework; sourceTree = BUILT_PRODUCTS_DIR; };
		825234A8DB0BBAD1B5DE87FB /* Pods_CinemaTests.framework */ = {isa = PBXFileReference; explicitFileType = wrapper.framework; includeInIndex = 0; path = Pods_CinemaTests.framework; sourceTree = BUILT_PRODUCTS_DIR; };
		9F1427C82245F98700E71F0F /* Constants.swift */ = {isa = PBXFileReference; lastKnownFileType = sourcecode.swift; path = Constants.swift; sourceTree = "<group>"; };
		9F1427CC2246068600E71F0F /* TMDBServiceTests.swift */ = {isa = PBXFileReference; lastKnownFileType = sourcecode.swift; path = TMDBServiceTests.swift; sourceTree = "<group>"; };
		9F1427D32246170400E71F0F /* DiscoverBuilderTests.swift */ = {isa = PBXFileReference; lastKnownFileType = sourcecode.swift; path = DiscoverBuilderTests.swift; sourceTree = "<group>"; };
		9F1427D62246181F00E71F0F /* MockObject.swift */ = {isa = PBXFileReference; lastKnownFileType = sourcecode.swift; path = MockObject.swift; sourceTree = "<group>"; };
		9F1427D922461B8D00E71F0F /* DiscoverRouterTests.swift */ = {isa = PBXFileReference; lastKnownFileType = sourcecode.swift; path = DiscoverRouterTests.swift; sourceTree = "<group>"; };
		9F1427DE22462D3400E71F0F /* DiscoverInteractorTests.swift */ = {isa = PBXFileReference; lastKnownFileType = sourcecode.swift; path = DiscoverInteractorTests.swift; sourceTree = "<group>"; };
		9F1427E02246322E00E71F0F /* DiscoverPresenterTests.swift */ = {isa = PBXFileReference; lastKnownFileType = sourcecode.swift; path = DiscoverPresenterTests.swift; sourceTree = "<group>"; };
		9F1427E42246466E00E71F0F /* DiscoverViewControllerTests.swift */ = {isa = PBXFileReference; lastKnownFileType = sourcecode.swift; path = DiscoverViewControllerTests.swift; sourceTree = "<group>"; };
		9F1427EA22465AAD00E71F0F /* MovieBuilderTests.swift */ = {isa = PBXFileReference; lastKnownFileType = sourcecode.swift; path = MovieBuilderTests.swift; sourceTree = "<group>"; };
		9F1427EC22465ABD00E71F0F /* MoviePresenterTests.swift */ = {isa = PBXFileReference; lastKnownFileType = sourcecode.swift; path = MoviePresenterTests.swift; sourceTree = "<group>"; };
		9F1427EE22465ACB00E71F0F /* MovieRouterTests.swift */ = {isa = PBXFileReference; lastKnownFileType = sourcecode.swift; path = MovieRouterTests.swift; sourceTree = "<group>"; };
		9F1427F022465ADC00E71F0F /* MovieInteractorTests.swift */ = {isa = PBXFileReference; lastKnownFileType = sourcecode.swift; path = MovieInteractorTests.swift; sourceTree = "<group>"; };
		9F1427F222465B0A00E71F0F /* MovieViewControllerTests.swift */ = {isa = PBXFileReference; lastKnownFileType = sourcecode.swift; path = MovieViewControllerTests.swift; sourceTree = "<group>"; };
		9F1427F522467B9300E71F0F /* DiscoverCellSnapshotTests.swift */ = {isa = PBXFileReference; lastKnownFileType = sourcecode.swift; path = DiscoverCellSnapshotTests.swift; sourceTree = "<group>"; };
		9F1427F722467BA600E71F0F /* MovieDetailCellSnapshotTests.swift */ = {isa = PBXFileReference; lastKnownFileType = sourcecode.swift; path = MovieDetailCellSnapshotTests.swift; sourceTree = "<group>"; };
		9F17F5FE22414C7900F418D1 /* TMDBService.swift */ = {isa = PBXFileReference; lastKnownFileType = sourcecode.swift; path = TMDBService.swift; sourceTree = "<group>"; };
		9FA1D90A2242B569006381C6 /* DiscoverCellViewModel.swift */ = {isa = PBXFileReference; lastKnownFileType = sourcecode.swift; path = DiscoverCellViewModel.swift; sourceTree = "<group>"; };
		9FA1D90C2242D628006381C6 /* MovieDetailsCell.swift */ = {isa = PBXFileReference; lastKnownFileType = sourcecode.swift; path = MovieDetailsCell.swift; sourceTree = "<group>"; };
		9FA1D90E2242D63C006381C6 /* MovieDetailsCell.xib */ = {isa = PBXFileReference; lastKnownFileType = file.xib; path = MovieDetailsCell.xib; sourceTree = "<group>"; };
		9FA1D9102242D65C006381C6 /* MovieDetailsCellViewModel.swift */ = {isa = PBXFileReference; lastKnownFileType = sourcecode.swift; path = MovieDetailsCellViewModel.swift; sourceTree = "<group>"; };
		9FA1E3032243CE51006381C6 /* WebViewController.swift */ = {isa = PBXFileReference; lastKnownFileType = sourcecode.swift; path = WebViewController.swift; sourceTree = "<group>"; };
		9FA1E3E12243D5A3006381C6 /* DiscoverViewModel.swift */ = {isa = PBXFileReference; lastKnownFileType = sourcecode.swift; path = DiscoverViewModel.swift; sourceTree = "<group>"; };
		9FA1E3E32243D5CC006381C6 /* MovieViewModel.swift */ = {isa = PBXFileReference; lastKnownFileType = sourcecode.swift; path = MovieViewModel.swift; sourceTree = "<group>"; };
		9FBD331F2241533300DEBC0C /* Discover.swift */ = {isa = PBXFileReference; lastKnownFileType = sourcecode.swift; path = Discover.swift; sourceTree = "<group>"; };
		9FBD33212241536700DEBC0C /* DiscoverDetail.swift */ = {isa = PBXFileReference; lastKnownFileType = sourcecode.swift; path = DiscoverDetail.swift; sourceTree = "<group>"; };
		9FBD3325224173A500DEBC0C /* Movie.swift */ = {isa = PBXFileReference; lastKnownFileType = sourcecode.swift; path = Movie.swift; sourceTree = "<group>"; };
		9FBD3327224178FE00DEBC0C /* BelongsToCollection.swift */ = {isa = PBXFileReference; lastKnownFileType = sourcecode.swift; path = BelongsToCollection.swift; sourceTree = "<group>"; };
		9FBD33292241791300DEBC0C /* ProductionCompanies.swift */ = {isa = PBXFileReference; lastKnownFileType = sourcecode.swift; path = ProductionCompanies.swift; sourceTree = "<group>"; };
		9FBD332B2241792600DEBC0C /* ProductionCountries.swift */ = {isa = PBXFileReference; lastKnownFileType = sourcecode.swift; path = ProductionCountries.swift; sourceTree = "<group>"; };
		9FBD332D2241793600DEBC0C /* SpokenLanguages.swift */ = {isa = PBXFileReference; lastKnownFileType = sourcecode.swift; path = SpokenLanguages.swift; sourceTree = "<group>"; };
		9FBD332F22417A9200DEBC0C /* Genre.swift */ = {isa = PBXFileReference; lastKnownFileType = sourcecode.swift; path = Genre.swift; sourceTree = "<group>"; };
		9FBD333922427DAA00DEBC0C /* DiscoverBuilder.swift */ = {isa = PBXFileReference; lastKnownFileType = sourcecode.swift; path = DiscoverBuilder.swift; sourceTree = "<group>"; };
		9FBD333B22427E6E00DEBC0C /* DiscoverPresenter.swift */ = {isa = PBXFileReference; lastKnownFileType = sourcecode.swift; path = DiscoverPresenter.swift; sourceTree = "<group>"; };
		9FBD333D22427E8300DEBC0C /* DiscoverRouter.swift */ = {isa = PBXFileReference; lastKnownFileType = sourcecode.swift; path = DiscoverRouter.swift; sourceTree = "<group>"; };
		9FBD333F22427E9800DEBC0C /* DiscoverInteractor.swift */ = {isa = PBXFileReference; lastKnownFileType = sourcecode.swift; path = DiscoverInteractor.swift; sourceTree = "<group>"; };
		9FBD334122427EA900DEBC0C /* DiscoverViewController.swift */ = {isa = PBXFileReference; lastKnownFileType = sourcecode.swift; path = DiscoverViewController.swift; sourceTree = "<group>"; };
		9FBD334322427EC000DEBC0C /* DiscoverViewController.xib */ = {isa = PBXFileReference; lastKnownFileType = file.xib; path = DiscoverViewController.xib; sourceTree = "<group>"; };
		9FBD334522427ED500DEBC0C /* MovieBuilder.swift */ = {isa = PBXFileReference; lastKnownFileType = sourcecode.swift; path = MovieBuilder.swift; sourceTree = "<group>"; };
		9FBD334722427EF300DEBC0C /* MoviePresenter.swift */ = {isa = PBXFileReference; lastKnownFileType = sourcecode.swift; path = MoviePresenter.swift; sourceTree = "<group>"; };
		9FBD334922427F0600DEBC0C /* MovieInteractor.swift */ = {isa = PBXFileReference; lastKnownFileType = sourcecode.swift; path = MovieInteractor.swift; sourceTree = "<group>"; };
		9FBD334B22427F1A00DEBC0C /* MovieRouter.swift */ = {isa = PBXFileReference; lastKnownFileType = sourcecode.swift; path = MovieRouter.swift; sourceTree = "<group>"; };
		9FBD334D22427F2E00DEBC0C /* MovieViewController.swift */ = {isa = PBXFileReference; lastKnownFileType = sourcecode.swift; path = MovieViewController.swift; sourceTree = "<group>"; };
		9FBD334F22427F4100DEBC0C /* MovieViewController.xib */ = {isa = PBXFileReference; lastKnownFileType = file.xib; path = MovieViewController.xib; sourceTree = "<group>"; };
		9FBD335122427F9100DEBC0C /* DiscoverProtocols.swift */ = {isa = PBXFileReference; lastKnownFileType = sourcecode.swift; path = DiscoverProtocols.swift; sourceTree = "<group>"; };
		9FBD335322427F9F00DEBC0C /* MovieProtocols.swift */ = {isa = PBXFileReference; lastKnownFileType = sourcecode.swift; path = MovieProtocols.swift; sourceTree = "<group>"; };
		9FBD33552242914A00DEBC0C /* DiscoverCell.swift */ = {isa = PBXFileReference; lastKnownFileType = sourcecode.swift; path = DiscoverCell.swift; sourceTree = "<group>"; };
		9FBD33572242915C00DEBC0C /* DiscoverCell.xib */ = {isa = PBXFileReference; lastKnownFileType = file.xib; path = DiscoverCell.xib; sourceTree = "<group>"; };
		9FBD335B2242AF1F00DEBC0C /* Assets.xcassets */ = {isa = PBXFileReference; lastKnownFileType = folder.assetcatalog; path = Assets.xcassets; sourceTree = "<group>"; };
		9FD3DF65224146CC004DE327 /* Cinema.app */ = {isa = PBXFileReference; explicitFileType = wrapper.application; includeInIndex = 0; path = Cinema.app; sourceTree = BUILT_PRODUCTS_DIR; };
		9FD3DF68224146CC004DE327 /* AppDelegate.swift */ = {isa = PBXFileReference; lastKnownFileType = sourcecode.swift; path = AppDelegate.swift; sourceTree = "<group>"; };
		9FD3DF72224146CF004DE327 /* Base */ = {isa = PBXFileReference; lastKnownFileType = file.storyboard; name = Base; path = Base.lproj/LaunchScreen.storyboard; sourceTree = "<group>"; };
		9FD3DF74224146CF004DE327 /* Info.plist */ = {isa = PBXFileReference; lastKnownFileType = text.plist.xml; path = Info.plist; sourceTree = "<group>"; };
		9FD3DF79224146CF004DE327 /* CinemaTests.xctest */ = {isa = PBXFileReference; explicitFileType = wrapper.cfbundle; includeInIndex = 0; path = CinemaTests.xctest; sourceTree = BUILT_PRODUCTS_DIR; };
		9FD3DF7D224146CF004DE327 /* CinemaTests.swift */ = {isa = PBXFileReference; lastKnownFileType = sourcecode.swift; path = CinemaTests.swift; sourceTree = "<group>"; };
		9FD3DF7F224146CF004DE327 /* Info.plist */ = {isa = PBXFileReference; lastKnownFileType = text.plist.xml; path = Info.plist; sourceTree = "<group>"; };
		9FD3DF84224146CF004DE327 /* CinemaUITests.xctest */ = {isa = PBXFileReference; explicitFileType = wrapper.cfbundle; includeInIndex = 0; path = CinemaUITests.xctest; sourceTree = BUILT_PRODUCTS_DIR; };
		9FD3DF88224146CF004DE327 /* CinemaUITests.swift */ = {isa = PBXFileReference; lastKnownFileType = sourcecode.swift; path = CinemaUITests.swift; sourceTree = "<group>"; };
		9FD3DF8A224146CF004DE327 /* Info.plist */ = {isa = PBXFileReference; lastKnownFileType = text.plist.xml; path = Info.plist; sourceTree = "<group>"; };
		BB1FE09F1E1B180169CA04A5 /* Pods-CinemaTests.debug.xcconfig */ = {isa = PBXFileReference; includeInIndex = 1; lastKnownFileType = text.xcconfig; name = "Pods-CinemaTests.debug.xcconfig"; path = "Target Support Files/Pods-CinemaTests/Pods-CinemaTests.debug.xcconfig"; sourceTree = "<group>"; };
		D1D7E446D0CD994644CF8590 /* Pods-Cinema.release.xcconfig */ = {isa = PBXFileReference; includeInIndex = 1; lastKnownFileType = text.xcconfig; name = "Pods-Cinema.release.xcconfig"; path = "Target Support Files/Pods-Cinema/Pods-Cinema.release.xcconfig"; sourceTree = "<group>"; };
		FA35D11CE26C3ED24B4C1A76 /* Pods_CinemaUITests.framework */ = {isa = PBXFileReference; explicitFileType = wrapper.framework; includeInIndex = 0; path = Pods_CinemaUITests.framework; sourceTree = BUILT_PRODUCTS_DIR; };
		FFC77941CA8937A417DDE1C0 /* Pods-CinemaUITests.debug.xcconfig */ = {isa = PBXFileReference; includeInIndex = 1; lastKnownFileType = text.xcconfig; name = "Pods-CinemaUITests.debug.xcconfig"; path = "Target Support Files/Pods-CinemaUITests/Pods-CinemaUITests.debug.xcconfig"; sourceTree = "<group>"; };
/* End PBXFileReference section */

/* Begin PBXFrameworksBuildPhase section */
		9FD3DF62224146CC004DE327 /* Frameworks */ = {
			isa = PBXFrameworksBuildPhase;
			buildActionMask = 2147483647;
			files = (
				47D42A4F505FDBE0520FEDFC /* Pods_Cinema.framework in Frameworks */,
			);
			runOnlyForDeploymentPostprocessing = 0;
		};
		9FD3DF76224146CF004DE327 /* Frameworks */ = {
			isa = PBXFrameworksBuildPhase;
			buildActionMask = 2147483647;
			files = (
				6C08774D122BBC3FE18DAEE3 /* Pods_CinemaTests.framework in Frameworks */,
			);
			runOnlyForDeploymentPostprocessing = 0;
		};
		9FD3DF81224146CF004DE327 /* Frameworks */ = {
			isa = PBXFrameworksBuildPhase;
			buildActionMask = 2147483647;
			files = (
				0D80C7555334BC0A30F3CED3 /* Pods_CinemaUITests.framework in Frameworks */,
			);
			runOnlyForDeploymentPostprocessing = 0;
		};
/* End PBXFrameworksBuildPhase section */

/* Begin PBXGroup section */
		71EB004497EA8DA6F8F19BBC /* Frameworks */ = {
			isa = PBXGroup;
			children = (
				6B39E525155A060BFFB8B5B1 /* Pods_Cinema.framework */,
				825234A8DB0BBAD1B5DE87FB /* Pods_CinemaTests.framework */,
				FA35D11CE26C3ED24B4C1A76 /* Pods_CinemaUITests.framework */,
			);
			name = Frameworks;
			sourceTree = "<group>";
		};
		9F1427CA224603A300E71F0F /* Core */ = {
			isa = PBXGroup;
			children = (
				9F1427CC2246068600E71F0F /* TMDBServiceTests.swift */,
			);
			path = Core;
			sourceTree = "<group>";
		};
		9F1427D0224616BD00E71F0F /* App */ = {
			isa = PBXGroup;
			children = (
				9F1427D2224616D200E71F0F /* Discover */,
				9F1427D1224616CA00E71F0F /* Movie */,
			);
			path = App;
			sourceTree = "<group>";
		};
		9F1427D1224616CA00E71F0F /* Movie */ = {
			isa = PBXGroup;
			children = (
				9F1427EA22465AAD00E71F0F /* MovieBuilderTests.swift */,
				9F1427EC22465ABD00E71F0F /* MoviePresenterTests.swift */,
				9F1427EE22465ACB00E71F0F /* MovieRouterTests.swift */,
				9F1427F022465ADC00E71F0F /* MovieInteractorTests.swift */,
				9F1427F222465B0A00E71F0F /* MovieViewControllerTests.swift */,
			);
			path = Movie;
			sourceTree = "<group>";
		};
		9F1427D2224616D200E71F0F /* Discover */ = {
			isa = PBXGroup;
			children = (
				9F1427D32246170400E71F0F /* DiscoverBuilderTests.swift */,
				9F1427D922461B8D00E71F0F /* DiscoverRouterTests.swift */,
				9F1427DE22462D3400E71F0F /* DiscoverInteractorTests.swift */,
				9F1427E02246322E00E71F0F /* DiscoverPresenterTests.swift */,
				9F1427E42246466E00E71F0F /* DiscoverViewControllerTests.swift */,
			);
			path = Discover;
			sourceTree = "<group>";
		};
		9F1427D52246181200E71F0F /* Mock */ = {
			isa = PBXGroup;
			children = (
				9F1427D62246181F00E71F0F /* MockObject.swift */,
			);
			path = Mock;
			sourceTree = "<group>";
		};
		9F1427F422467B5200E71F0F /* SnapshotTests */ = {
			isa = PBXGroup;
			children = (
				9F1427F522467B9300E71F0F /* DiscoverCellSnapshotTests.swift */,
				9F1427F722467BA600E71F0F /* MovieDetailCellSnapshotTests.swift */,
			);
			path = SnapshotTests;
			sourceTree = "<group>";
		};
		9FA1E3012243CE1C006381C6 /* WebView */ = {
			isa = PBXGroup;
			children = (
				9FA1E3032243CE51006381C6 /* WebViewController.swift */,
			);
			path = WebView;
			sourceTree = "<group>";
		};
		9FA1E3022243CE34006381C6 /* CellVIew */ = {
			isa = PBXGroup;
			children = (
				9FA1D90A2242B569006381C6 /* DiscoverCellViewModel.swift */,
				9FBD33552242914A00DEBC0C /* DiscoverCell.swift */,
				9FBD33572242915C00DEBC0C /* DiscoverCell.xib */,
				9FA1D90C2242D628006381C6 /* MovieDetailsCell.swift */,
				9FA1D90E2242D63C006381C6 /* MovieDetailsCell.xib */,
				9FA1D9102242D65C006381C6 /* MovieDetailsCellViewModel.swift */,
			);
			path = CellVIew;
			sourceTree = "<group>";
		};
		9FBD331D2241520600DEBC0C /* Model */ = {
			isa = PBXGroup;
			children = (
				9FBD331F2241533300DEBC0C /* Discover.swift */,
				9FBD33212241536700DEBC0C /* DiscoverDetail.swift */,
				9FBD3325224173A500DEBC0C /* Movie.swift */,
				9FBD3327224178FE00DEBC0C /* BelongsToCollection.swift */,
				9FBD332F22417A9200DEBC0C /* Genre.swift */,
				9FBD33292241791300DEBC0C /* ProductionCompanies.swift */,
				9FBD332B2241792600DEBC0C /* ProductionCountries.swift */,
				9FBD332D2241793600DEBC0C /* SpokenLanguages.swift */,
			);
			path = Model;
			sourceTree = "<group>";
		};
		9FBD331E2241520E00DEBC0C /* Service */ = {
			isa = PBXGroup;
			children = (
				9F17F5FE22414C7900F418D1 /* TMDBService.swift */,
			);
			path = Service;
			sourceTree = "<group>";
		};
		9FBD333122427C2F00DEBC0C /* App */ = {
			isa = PBXGroup;
			children = (
				9FBD333822427CCD00DEBC0C /* UIComponent */,
				9FBD333722427CBE00DEBC0C /* Movie */,
				9FBD333622427CB200DEBC0C /* Discover */,
			);
			path = App;
			sourceTree = "<group>";
		};
		9FBD333622427CB200DEBC0C /* Discover */ = {
			isa = PBXGroup;
			children = (
				9FBD333922427DAA00DEBC0C /* DiscoverBuilder.swift */,
				9FBD333B22427E6E00DEBC0C /* DiscoverPresenter.swift */,
				9FBD333D22427E8300DEBC0C /* DiscoverRouter.swift */,
				9FBD333F22427E9800DEBC0C /* DiscoverInteractor.swift */,
				9FBD334122427EA900DEBC0C /* DiscoverViewController.swift */,
				9FBD334322427EC000DEBC0C /* DiscoverViewController.xib */,
				9FBD335122427F9100DEBC0C /* DiscoverProtocols.swift */,
				9FA1E3E12243D5A3006381C6 /* DiscoverViewModel.swift */,
			);
			path = Discover;
			sourceTree = "<group>";
		};
		9FBD333722427CBE00DEBC0C /* Movie */ = {
			isa = PBXGroup;
			children = (
				9FBD334522427ED500DEBC0C /* MovieBuilder.swift */,
				9FBD334722427EF300DEBC0C /* MoviePresenter.swift */,
				9FBD334922427F0600DEBC0C /* MovieInteractor.swift */,
				9FBD334B22427F1A00DEBC0C /* MovieRouter.swift */,
				9FBD334D22427F2E00DEBC0C /* MovieViewController.swift */,
				9FBD334F22427F4100DEBC0C /* MovieViewController.xib */,
				9FBD335322427F9F00DEBC0C /* MovieProtocols.swift */,
				9FA1E3E32243D5CC006381C6 /* MovieViewModel.swift */,
			);
			path = Movie;
			sourceTree = "<group>";
		};
		9FBD333822427CCD00DEBC0C /* UIComponent */ = {
			isa = PBXGroup;
			children = (
				9FA1E3022243CE34006381C6 /* CellVIew */,
				9FA1E3012243CE1C006381C6 /* WebView */,
			);
			path = UIComponent;
			sourceTree = "<group>";
		};
		9FD3DF5C224146CC004DE327 = {
			isa = PBXGroup;
			children = (
				9FD3DF67224146CC004DE327 /* Cinema */,
				9FD3DF7C224146CF004DE327 /* CinemaTests */,
				9FD3DF87224146CF004DE327 /* CinemaUITests */,
				9FD3DF66224146CC004DE327 /* Products */,
				E8BA22E13FE3D4DEA351B32F /* Pods */,
				71EB004497EA8DA6F8F19BBC /* Frameworks */,
			);
			sourceTree = "<group>";
		};
		9FD3DF66224146CC004DE327 /* Products */ = {
			isa = PBXGroup;
			children = (
				9FD3DF65224146CC004DE327 /* Cinema.app */,
				9FD3DF79224146CF004DE327 /* CinemaTests.xctest */,
				9FD3DF84224146CF004DE327 /* CinemaUITests.xctest */,
			);
			name = Products;
			sourceTree = "<group>";
		};
		9FD3DF67224146CC004DE327 /* Cinema */ = {
			isa = PBXGroup;
			children = (
				9FBD335B2242AF1F00DEBC0C /* Assets.xcassets */,
				9FBD333122427C2F00DEBC0C /* App */,
				9FD3DF9622414A93004DE327 /* Core */,
				9FD3DF68224146CC004DE327 /* AppDelegate.swift */,
				9FD3DF71224146CF004DE327 /* LaunchScreen.storyboard */,
				9FD3DF74224146CF004DE327 /* Info.plist */,
			);
			path = Cinema;
			sourceTree = "<group>";
		};
		9FD3DF7C224146CF004DE327 /* CinemaTests */ = {
			isa = PBXGroup;
			children = (
				9F1427F422467B5200E71F0F /* SnapshotTests */,
				9F1427D52246181200E71F0F /* Mock */,
				9F1427D0224616BD00E71F0F /* App */,
				9F1427CA224603A300E71F0F /* Core */,
				9FD3DF7D224146CF004DE327 /* CinemaTests.swift */,
				9FD3DF7F224146CF004DE327 /* Info.plist */,
			);
			path = CinemaTests;
			sourceTree = "<group>";
		};
		9FD3DF87224146CF004DE327 /* CinemaUITests */ = {
			isa = PBXGroup;
			children = (
				9FD3DF88224146CF004DE327 /* CinemaUITests.swift */,
				9FD3DF8A224146CF004DE327 /* Info.plist */,
			);
			path = CinemaUITests;
			sourceTree = "<group>";
		};
		9FD3DF9622414A93004DE327 /* Core */ = {
			isa = PBXGroup;
			children = (
				9FBD331E2241520E00DEBC0C /* Service */,
				9FBD331D2241520600DEBC0C /* Model */,
				9F1427C82245F98700E71F0F /* Constants.swift */,
			);
			path = Core;
			sourceTree = "<group>";
		};
		E8BA22E13FE3D4DEA351B32F /* Pods */ = {
			isa = PBXGroup;
			children = (
				5E1C8663489AA76B256B8CC4 /* Pods-Cinema.debug.xcconfig */,
				D1D7E446D0CD994644CF8590 /* Pods-Cinema.release.xcconfig */,
				BB1FE09F1E1B180169CA04A5 /* Pods-CinemaTests.debug.xcconfig */,
				5B1DC811EBCE32374501728B /* Pods-CinemaTests.release.xcconfig */,
				FFC77941CA8937A417DDE1C0 /* Pods-CinemaUITests.debug.xcconfig */,
				57E360C50C05FF66370D855F /* Pods-CinemaUITests.release.xcconfig */,
			);
			path = Pods;
			sourceTree = "<group>";
		};
/* End PBXGroup section */

/* Begin PBXNativeTarget section */
		9FD3DF64224146CC004DE327 /* Cinema */ = {
			isa = PBXNativeTarget;
			buildConfigurationList = 9FD3DF8D224146CF004DE327 /* Build configuration list for PBXNativeTarget "Cinema" */;
			buildPhases = (
				669C7537D2BD8398C7A9C39C /* [CP] Check Pods Manifest.lock */,
				9FD3DF61224146CC004DE327 /* Sources */,
				9FD3DF62224146CC004DE327 /* Frameworks */,
				9FD3DF63224146CC004DE327 /* Resources */,
				9D6F44AAD77FD1817579AC6E /* [CP] Embed Pods Frameworks */,
			);
			buildRules = (
			);
			dependencies = (
			);
			name = Cinema;
			productName = Cinema;
			productReference = 9FD3DF65224146CC004DE327 /* Cinema.app */;
			productType = "com.apple.product-type.application";
		};
		9FD3DF78224146CF004DE327 /* CinemaTests */ = {
			isa = PBXNativeTarget;
			buildConfigurationList = 9FD3DF90224146CF004DE327 /* Build configuration list for PBXNativeTarget "CinemaTests" */;
			buildPhases = (
				2B11E3542D54B144895FDF76 /* [CP] Check Pods Manifest.lock */,
				9FD3DF75224146CF004DE327 /* Sources */,
				9FD3DF76224146CF004DE327 /* Frameworks */,
				9FD3DF77224146CF004DE327 /* Resources */,
				B325310C26A0FA055E05915C /* [CP] Embed Pods Frameworks */,
			);
			buildRules = (
			);
			dependencies = (
				9FD3DF7B224146CF004DE327 /* PBXTargetDependency */,
			);
			name = CinemaTests;
			productName = CinemaTests;
			productReference = 9FD3DF79224146CF004DE327 /* CinemaTests.xctest */;
			productType = "com.apple.product-type.bundle.unit-test";
		};
		9FD3DF83224146CF004DE327 /* CinemaUITests */ = {
			isa = PBXNativeTarget;
			buildConfigurationList = 9FD3DF93224146CF004DE327 /* Build configuration list for PBXNativeTarget "CinemaUITests" */;
			buildPhases = (
				BDAC7C1CCBFBF619B0C9CDF0 /* [CP] Check Pods Manifest.lock */,
				9FD3DF80224146CF004DE327 /* Sources */,
				9FD3DF81224146CF004DE327 /* Frameworks */,
				9FD3DF82224146CF004DE327 /* Resources */,
			);
			buildRules = (
			);
			dependencies = (
				9FD3DF86224146CF004DE327 /* PBXTargetDependency */,
			);
			name = CinemaUITests;
			productName = CinemaUITests;
			productReference = 9FD3DF84224146CF004DE327 /* CinemaUITests.xctest */;
			productType = "com.apple.product-type.bundle.ui-testing";
		};
/* End PBXNativeTarget section */

/* Begin PBXProject section */
		9FD3DF5D224146CC004DE327 /* Project object */ = {
			isa = PBXProject;
			attributes = {
				LastSwiftUpdateCheck = 1010;
				LastUpgradeCheck = 1010;
				ORGANIZATIONNAME = "Chen, Rick (Agoda)";
				TargetAttributes = {
					9FD3DF64224146CC004DE327 = {
						CreatedOnToolsVersion = 10.1;
					};
					9FD3DF78224146CF004DE327 = {
						CreatedOnToolsVersion = 10.1;
						TestTargetID = 9FD3DF64224146CC004DE327;
					};
					9FD3DF83224146CF004DE327 = {
						CreatedOnToolsVersion = 10.1;
						TestTargetID = 9FD3DF64224146CC004DE327;
					};
				};
			};
			buildConfigurationList = 9FD3DF60224146CC004DE327 /* Build configuration list for PBXProject "Cinema" */;
			compatibilityVersion = "Xcode 9.3";
			developmentRegion = en;
			hasScannedForEncodings = 0;
			knownRegions = (
				en,
				Base,
			);
			mainGroup = 9FD3DF5C224146CC004DE327;
			productRefGroup = 9FD3DF66224146CC004DE327 /* Products */;
			projectDirPath = "";
			projectRoot = "";
			targets = (
				9FD3DF64224146CC004DE327 /* Cinema */,
				9FD3DF78224146CF004DE327 /* CinemaTests */,
				9FD3DF83224146CF004DE327 /* CinemaUITests */,
			);
		};
/* End PBXProject section */

/* Begin PBXResourcesBuildPhase section */
		9FD3DF63224146CC004DE327 /* Resources */ = {
			isa = PBXResourcesBuildPhase;
			buildActionMask = 2147483647;
			files = (
				9FBD33582242915C00DEBC0C /* DiscoverCell.xib in Resources */,
				9FD3DF73224146CF004DE327 /* LaunchScreen.storyboard in Resources */,
				9FBD334422427EC000DEBC0C /* DiscoverViewController.xib in Resources */,
				9FA1D90F2242D63C006381C6 /* MovieDetailsCell.xib in Resources */,
				9FBD335022427F4100DEBC0C /* MovieViewController.xib in Resources */,
				9FBD335C2242AF1F00DEBC0C /* Assets.xcassets in Resources */,
			);
			runOnlyForDeploymentPostprocessing = 0;
		};
		9FD3DF77224146CF004DE327 /* Resources */ = {
			isa = PBXResourcesBuildPhase;
			buildActionMask = 2147483647;
			files = (
			);
			runOnlyForDeploymentPostprocessing = 0;
		};
		9FD3DF82224146CF004DE327 /* Resources */ = {
			isa = PBXResourcesBuildPhase;
			buildActionMask = 2147483647;
			files = (
			);
			runOnlyForDeploymentPostprocessing = 0;
		};
/* End PBXResourcesBuildPhase section */

/* Begin PBXShellScriptBuildPhase section */
		2B11E3542D54B144895FDF76 /* [CP] Check Pods Manifest.lock */ = {
			isa = PBXShellScriptBuildPhase;
			buildActionMask = 2147483647;
			files = (
			);
			inputFileListPaths = (
			);
			inputPaths = (
				"${PODS_PODFILE_DIR_PATH}/Podfile.lock",
				"${PODS_ROOT}/Manifest.lock",
			);
			name = "[CP] Check Pods Manifest.lock";
			outputFileListPaths = (
			);
			outputPaths = (
				"$(DERIVED_FILE_DIR)/Pods-CinemaTests-checkManifestLockResult.txt",
			);
			runOnlyForDeploymentPostprocessing = 0;
			shellPath = /bin/sh;
			shellScript = "diff \"${PODS_PODFILE_DIR_PATH}/Podfile.lock\" \"${PODS_ROOT}/Manifest.lock\" > /dev/null\nif [ $? != 0 ] ; then\n    # print error to STDERR\n    echo \"error: The sandbox is not in sync with the Podfile.lock. Run 'pod install' or update your CocoaPods installation.\" >&2\n    exit 1\nfi\n# This output is used by Xcode 'outputs' to avoid re-running this script phase.\necho \"SUCCESS\" > \"${SCRIPT_OUTPUT_FILE_0}\"\n";
			showEnvVarsInLog = 0;
		};
		669C7537D2BD8398C7A9C39C /* [CP] Check Pods Manifest.lock */ = {
			isa = PBXShellScriptBuildPhase;
			buildActionMask = 2147483647;
			files = (
			);
			inputFileListPaths = (
			);
			inputPaths = (
				"${PODS_PODFILE_DIR_PATH}/Podfile.lock",
				"${PODS_ROOT}/Manifest.lock",
			);
			name = "[CP] Check Pods Manifest.lock";
			outputFileListPaths = (
			);
			outputPaths = (
				"$(DERIVED_FILE_DIR)/Pods-Cinema-checkManifestLockResult.txt",
			);
			runOnlyForDeploymentPostprocessing = 0;
			shellPath = /bin/sh;
			shellScript = "diff \"${PODS_PODFILE_DIR_PATH}/Podfile.lock\" \"${PODS_ROOT}/Manifest.lock\" > /dev/null\nif [ $? != 0 ] ; then\n    # print error to STDERR\n    echo \"error: The sandbox is not in sync with the Podfile.lock. Run 'pod install' or update your CocoaPods installation.\" >&2\n    exit 1\nfi\n# This output is used by Xcode 'outputs' to avoid re-running this script phase.\necho \"SUCCESS\" > \"${SCRIPT_OUTPUT_FILE_0}\"\n";
			showEnvVarsInLog = 0;
		};
		9D6F44AAD77FD1817579AC6E /* [CP] Embed Pods Frameworks */ = {
			isa = PBXShellScriptBuildPhase;
			buildActionMask = 2147483647;
			files = (
			);
			inputFileListPaths = (
			);
			inputPaths = (
				"${PODS_ROOT}/Target Support Files/Pods-Cinema/Pods-Cinema-frameworks.sh",
				"${BUILT_PRODUCTS_DIR}/Alamofire/Alamofire.framework",
				"${BUILT_PRODUCTS_DIR}/FSPagerView/FSPagerView.framework",
				"${BUILT_PRODUCTS_DIR}/SDWebImage/SDWebImage.framework",
			);
			name = "[CP] Embed Pods Frameworks";
			outputFileListPaths = (
			);
			outputPaths = (
				"${TARGET_BUILD_DIR}/${FRAMEWORKS_FOLDER_PATH}/Alamofire.framework",
				"${TARGET_BUILD_DIR}/${FRAMEWORKS_FOLDER_PATH}/FSPagerView.framework",
				"${TARGET_BUILD_DIR}/${FRAMEWORKS_FOLDER_PATH}/SDWebImage.framework",
			);
			runOnlyForDeploymentPostprocessing = 0;
			shellPath = /bin/sh;
			shellScript = "\"${PODS_ROOT}/Target Support Files/Pods-Cinema/Pods-Cinema-frameworks.sh\"\n";
			showEnvVarsInLog = 0;
		};
		B325310C26A0FA055E05915C /* [CP] Embed Pods Frameworks */ = {
			isa = PBXShellScriptBuildPhase;
			buildActionMask = 2147483647;
			files = (
			);
			inputFileListPaths = (
			);
			inputPaths = (
				"${PODS_ROOT}/Target Support Files/Pods-CinemaTests/Pods-CinemaTests-frameworks.sh",
				"${BUILT_PRODUCTS_DIR}/iOSSnapshotTestCase/FBSnapshotTestCase.framework",
			);
			name = "[CP] Embed Pods Frameworks";
			outputFileListPaths = (
			);
			outputPaths = (
				"${TARGET_BUILD_DIR}/${FRAMEWORKS_FOLDER_PATH}/FBSnapshotTestCase.framework",
			);
			runOnlyForDeploymentPostprocessing = 0;
			shellPath = /bin/sh;
			shellScript = "\"${PODS_ROOT}/Target Support Files/Pods-CinemaTests/Pods-CinemaTests-frameworks.sh\"\n";
			showEnvVarsInLog = 0;
		};
		BDAC7C1CCBFBF619B0C9CDF0 /* [CP] Check Pods Manifest.lock */ = {
			isa = PBXShellScriptBuildPhase;
			buildActionMask = 2147483647;
			files = (
			);
			inputFileListPaths = (
			);
			inputPaths = (
				"${PODS_PODFILE_DIR_PATH}/Podfile.lock",
				"${PODS_ROOT}/Manifest.lock",
			);
			name = "[CP] Check Pods Manifest.lock";
			outputFileListPaths = (
			);
			outputPaths = (
				"$(DERIVED_FILE_DIR)/Pods-CinemaUITests-checkManifestLockResult.txt",
			);
			runOnlyForDeploymentPostprocessing = 0;
			shellPath = /bin/sh;
			shellScript = "diff \"${PODS_PODFILE_DIR_PATH}/Podfile.lock\" \"${PODS_ROOT}/Manifest.lock\" > /dev/null\nif [ $? != 0 ] ; then\n    # print error to STDERR\n    echo \"error: The sandbox is not in sync with the Podfile.lock. Run 'pod install' or update your CocoaPods installation.\" >&2\n    exit 1\nfi\n# This output is used by Xcode 'outputs' to avoid re-running this script phase.\necho \"SUCCESS\" > \"${SCRIPT_OUTPUT_FILE_0}\"\n";
			showEnvVarsInLog = 0;
		};
/* End PBXShellScriptBuildPhase section */

/* Begin PBXSourcesBuildPhase section */
		9FD3DF61224146CC004DE327 /* Sources */ = {
			isa = PBXSourcesBuildPhase;
			buildActionMask = 2147483647;
			files = (
				9FBD33202241533300DEBC0C /* Discover.swift in Sources */,
				9F17F5FF22414C7900F418D1 /* TMDBService.swift in Sources */,
				9FBD332A2241791300DEBC0C /* ProductionCompanies.swift in Sources */,
				9FBD333022417A9200DEBC0C /* Genre.swift in Sources */,
				9FBD334A22427F0600DEBC0C /* MovieInteractor.swift in Sources */,
				9FA1D90B2242B569006381C6 /* DiscoverCellViewModel.swift in Sources */,
				9FA1D9112242D65C006381C6 /* MovieDetailsCellViewModel.swift in Sources */,
				9FBD3328224178FE00DEBC0C /* BelongsToCollection.swift in Sources */,
				9FBD335422427F9F00DEBC0C /* MovieProtocols.swift in Sources */,
				9FBD335222427F9100DEBC0C /* DiscoverProtocols.swift in Sources */,
				9FA1D90D2242D628006381C6 /* MovieDetailsCell.swift in Sources */,
				9FA1E3042243CE51006381C6 /* WebViewController.swift in Sources */,
				9FBD334222427EA900DEBC0C /* DiscoverViewController.swift in Sources */,
				9FBD3326224173A500DEBC0C /* Movie.swift in Sources */,
				9FA1E3E22243D5A3006381C6 /* DiscoverViewModel.swift in Sources */,
				9FBD334E22427F2E00DEBC0C /* MovieViewController.swift in Sources */,
				9FBD334822427EF300DEBC0C /* MoviePresenter.swift in Sources */,
				9FBD334022427E9800DEBC0C /* DiscoverInteractor.swift in Sources */,
				9FBD33222241536700DEBC0C /* DiscoverDetail.swift in Sources */,
				9FBD332C2241792600DEBC0C /* ProductionCountries.swift in Sources */,
				9FBD333C22427E6E00DEBC0C /* DiscoverPresenter.swift in Sources */,
				9FBD33562242914A00DEBC0C /* DiscoverCell.swift in Sources */,
				9FBD334C22427F1A00DEBC0C /* MovieRouter.swift in Sources */,
				9FBD334622427ED500DEBC0C /* MovieBuilder.swift in Sources */,
				9FBD333A22427DAA00DEBC0C /* DiscoverBuilder.swift in Sources */,
				9F1427C92245F98700E71F0F /* Constants.swift in Sources */,
				9FBD333E22427E8300DEBC0C /* DiscoverRouter.swift in Sources */,
				9FD3DF69224146CC004DE327 /* AppDelegate.swift in Sources */,
				9FA1E3E42243D5CC006381C6 /* MovieViewModel.swift in Sources */,
				9FBD332E2241793600DEBC0C /* SpokenLanguages.swift in Sources */,
			);
			runOnlyForDeploymentPostprocessing = 0;
		};
		9FD3DF75224146CF004DE327 /* Sources */ = {
			isa = PBXSourcesBuildPhase;
			buildActionMask = 2147483647;
			files = (
				9F1427F622467B9300E71F0F /* DiscoverCellSnapshotTests.swift in Sources */,
				9F1427F822467BA600E71F0F /* MovieDetailCellSnapshotTests.swift in Sources */,
				9F1427DA22461B8D00E71F0F /* DiscoverRouterTests.swift in Sources */,
				9F1427DF22462D3400E71F0F /* DiscoverInteractorTests.swift in Sources */,
				9F1427D72246181F00E71F0F /* MockObject.swift in Sources */,
				9F1427D42246170400E71F0F /* DiscoverBuilderTests.swift in Sources */,
				9F1427CD2246068600E71F0F /* TMDBServiceTests.swift in Sources */,
				9F1427EF22465ACB00E71F0F /* MovieRouterTests.swift in Sources */,
				9FD3DF7E224146CF004DE327 /* CinemaTests.swift in Sources */,
				9F1427EB22465AAD00E71F0F /* MovieBuilderTests.swift in Sources */,
				9F1427ED22465ABD00E71F0F /* MoviePresenterTests.swift in Sources */,
				9F1427E12246322E00E71F0F /* DiscoverPresenterTests.swift in Sources */,
				9F1427F322465B0A00E71F0F /* MovieViewControllerTests.swift in Sources */,
				9F1427E52246466E00E71F0F /* DiscoverViewControllerTests.swift in Sources */,
				9F1427F122465ADC00E71F0F /* MovieInteractorTests.swift in Sources */,
			);
			runOnlyForDeploymentPostprocessing = 0;
		};
		9FD3DF80224146CF004DE327 /* Sources */ = {
			isa = PBXSourcesBuildPhase;
			buildActionMask = 2147483647;
			files = (
				9FD3DF89224146CF004DE327 /* CinemaUITests.swift in Sources */,
			);
			runOnlyForDeploymentPostprocessing = 0;
		};
/* End PBXSourcesBuildPhase section */

/* Begin PBXTargetDependency section */
		9FD3DF7B224146CF004DE327 /* PBXTargetDependency */ = {
			isa = PBXTargetDependency;
			target = 9FD3DF64224146CC004DE327 /* Cinema */;
			targetProxy = 9FD3DF7A224146CF004DE327 /* PBXContainerItemProxy */;
		};
		9FD3DF86224146CF004DE327 /* PBXTargetDependency */ = {
			isa = PBXTargetDependency;
			target = 9FD3DF64224146CC004DE327 /* Cinema */;
			targetProxy = 9FD3DF85224146CF004DE327 /* PBXContainerItemProxy */;
		};
/* End PBXTargetDependency section */

/* Begin PBXVariantGroup section */
		9FD3DF71224146CF004DE327 /* LaunchScreen.storyboard */ = {
			isa = PBXVariantGroup;
			children = (
				9FD3DF72224146CF004DE327 /* Base */,
			);
			name = LaunchScreen.storyboard;
			sourceTree = "<group>";
		};
/* End PBXVariantGroup section */

/* Begin XCBuildConfiguration section */
		9FD3DF8B224146CF004DE327 /* Debug */ = {
			isa = XCBuildConfiguration;
			buildSettings = {
				ALWAYS_SEARCH_USER_PATHS = NO;
				CLANG_ANALYZER_NONNULL = YES;
				CLANG_ANALYZER_NUMBER_OBJECT_CONVERSION = YES_AGGRESSIVE;
				CLANG_CXX_LANGUAGE_STANDARD = "gnu++14";
				CLANG_CXX_LIBRARY = "libc++";
				CLANG_ENABLE_MODULES = YES;
				CLANG_ENABLE_OBJC_ARC = YES;
				CLANG_ENABLE_OBJC_WEAK = YES;
				CLANG_WARN_BLOCK_CAPTURE_AUTORELEASING = YES;
				CLANG_WARN_BOOL_CONVERSION = YES;
				CLANG_WARN_COMMA = YES;
				CLANG_WARN_CONSTANT_CONVERSION = YES;
				CLANG_WARN_DEPRECATED_OBJC_IMPLEMENTATIONS = YES;
				CLANG_WARN_DIRECT_OBJC_ISA_USAGE = YES_ERROR;
				CLANG_WARN_DOCUMENTATION_COMMENTS = YES;
				CLANG_WARN_EMPTY_BODY = YES;
				CLANG_WARN_ENUM_CONVERSION = YES;
				CLANG_WARN_INFINITE_RECURSION = YES;
				CLANG_WARN_INT_CONVERSION = YES;
				CLANG_WARN_NON_LITERAL_NULL_CONVERSION = YES;
				CLANG_WARN_OBJC_IMPLICIT_RETAIN_SELF = YES;
				CLANG_WARN_OBJC_LITERAL_CONVERSION = YES;
				CLANG_WARN_OBJC_ROOT_CLASS = YES_ERROR;
				CLANG_WARN_RANGE_LOOP_ANALYSIS = YES;
				CLANG_WARN_STRICT_PROTOTYPES = YES;
				CLANG_WARN_SUSPICIOUS_MOVE = YES;
				CLANG_WARN_UNGUARDED_AVAILABILITY = YES_AGGRESSIVE;
				CLANG_WARN_UNREACHABLE_CODE = YES;
				CLANG_WARN__DUPLICATE_METHOD_MATCH = YES;
				CODE_SIGN_IDENTITY = "iPhone Developer";
				COPY_PHASE_STRIP = NO;
				DEBUG_INFORMATION_FORMAT = dwarf;
				ENABLE_STRICT_OBJC_MSGSEND = YES;
				ENABLE_TESTABILITY = YES;
				GCC_C_LANGUAGE_STANDARD = gnu11;
				GCC_DYNAMIC_NO_PIC = NO;
				GCC_NO_COMMON_BLOCKS = YES;
				GCC_OPTIMIZATION_LEVEL = 0;
				GCC_PREPROCESSOR_DEFINITIONS = (
					"DEBUG=1",
					"$(inherited)",
				);
				GCC_WARN_64_TO_32_BIT_CONVERSION = YES;
				GCC_WARN_ABOUT_RETURN_TYPE = YES_ERROR;
				GCC_WARN_UNDECLARED_SELECTOR = YES;
				GCC_WARN_UNINITIALIZED_AUTOS = YES_AGGRESSIVE;
				GCC_WARN_UNUSED_FUNCTION = YES;
				GCC_WARN_UNUSED_VARIABLE = YES;
				IPHONEOS_DEPLOYMENT_TARGET = 12.1;
				MTL_ENABLE_DEBUG_INFO = INCLUDE_SOURCE;
				MTL_FAST_MATH = YES;
				ONLY_ACTIVE_ARCH = YES;
				SDKROOT = iphoneos;
				SWIFT_ACTIVE_COMPILATION_CONDITIONS = DEBUG;
				SWIFT_OPTIMIZATION_LEVEL = "-Onone";
			};
			name = Debug;
		};
		9FD3DF8C224146CF004DE327 /* Release */ = {
			isa = XCBuildConfiguration;
			buildSettings = {
				ALWAYS_SEARCH_USER_PATHS = NO;
				CLANG_ANALYZER_NONNULL = YES;
				CLANG_ANALYZER_NUMBER_OBJECT_CONVERSION = YES_AGGRESSIVE;
				CLANG_CXX_LANGUAGE_STANDARD = "gnu++14";
				CLANG_CXX_LIBRARY = "libc++";
				CLANG_ENABLE_MODULES = YES;
				CLANG_ENABLE_OBJC_ARC = YES;
				CLANG_ENABLE_OBJC_WEAK = YES;
				CLANG_WARN_BLOCK_CAPTURE_AUTORELEASING = YES;
				CLANG_WARN_BOOL_CONVERSION = YES;
				CLANG_WARN_COMMA = YES;
				CLANG_WARN_CONSTANT_CONVERSION = YES;
				CLANG_WARN_DEPRECATED_OBJC_IMPLEMENTATIONS = YES;
				CLANG_WARN_DIRECT_OBJC_ISA_USAGE = YES_ERROR;
				CLANG_WARN_DOCUMENTATION_COMMENTS = YES;
				CLANG_WARN_EMPTY_BODY = YES;
				CLANG_WARN_ENUM_CONVERSION = YES;
				CLANG_WARN_INFINITE_RECURSION = YES;
				CLANG_WARN_INT_CONVERSION = YES;
				CLANG_WARN_NON_LITERAL_NULL_CONVERSION = YES;
				CLANG_WARN_OBJC_IMPLICIT_RETAIN_SELF = YES;
				CLANG_WARN_OBJC_LITERAL_CONVERSION = YES;
				CLANG_WARN_OBJC_ROOT_CLASS = YES_ERROR;
				CLANG_WARN_RANGE_LOOP_ANALYSIS = YES;
				CLANG_WARN_STRICT_PROTOTYPES = YES;
				CLANG_WARN_SUSPICIOUS_MOVE = YES;
				CLANG_WARN_UNGUARDED_AVAILABILITY = YES_AGGRESSIVE;
				CLANG_WARN_UNREACHABLE_CODE = YES;
				CLANG_WARN__DUPLICATE_METHOD_MATCH = YES;
				CODE_SIGN_IDENTITY = "iPhone Developer";
				COPY_PHASE_STRIP = NO;
				DEBUG_INFORMATION_FORMAT = "dwarf-with-dsym";
				ENABLE_NS_ASSERTIONS = NO;
				ENABLE_STRICT_OBJC_MSGSEND = YES;
				GCC_C_LANGUAGE_STANDARD = gnu11;
				GCC_NO_COMMON_BLOCKS = YES;
				GCC_WARN_64_TO_32_BIT_CONVERSION = YES;
				GCC_WARN_ABOUT_RETURN_TYPE = YES_ERROR;
				GCC_WARN_UNDECLARED_SELECTOR = YES;
				GCC_WARN_UNINITIALIZED_AUTOS = YES_AGGRESSIVE;
				GCC_WARN_UNUSED_FUNCTION = YES;
				GCC_WARN_UNUSED_VARIABLE = YES;
				IPHONEOS_DEPLOYMENT_TARGET = 12.1;
				MTL_ENABLE_DEBUG_INFO = NO;
				MTL_FAST_MATH = YES;
				SDKROOT = iphoneos;
				SWIFT_COMPILATION_MODE = wholemodule;
				SWIFT_OPTIMIZATION_LEVEL = "-O";
				VALIDATE_PRODUCT = YES;
			};
			name = Release;
		};
		9FD3DF8E224146CF004DE327 /* Debug */ = {
			isa = XCBuildConfiguration;
			baseConfigurationReference = 5E1C8663489AA76B256B8CC4 /* Pods-Cinema.debug.xcconfig */;
			buildSettings = {
				ASSETCATALOG_COMPILER_APPICON_NAME = AppIcon;
				CODE_SIGN_STYLE = Automatic;
				DEVELOPMENT_TEAM = 2N7884CJC5;
				INFOPLIST_FILE = Cinema/Info.plist;
				LD_RUNPATH_SEARCH_PATHS = (
					"$(inherited)",
					"@executable_path/Frameworks",
				);
				PRODUCT_BUNDLE_IDENTIFIER = com.shopback.Cinema;
				PRODUCT_NAME = "$(TARGET_NAME)";
				SWIFT_VERSION = 4.2;
				TARGETED_DEVICE_FAMILY = "1,2";
			};
			name = Debug;
		};
		9FD3DF8F224146CF004DE327 /* Release */ = {
			isa = XCBuildConfiguration;
			baseConfigurationReference = D1D7E446D0CD994644CF8590 /* Pods-Cinema.release.xcconfig */;
			buildSettings = {
				ASSETCATALOG_COMPILER_APPICON_NAME = AppIcon;
				CODE_SIGN_STYLE = Automatic;
				DEVELOPMENT_TEAM = 2N7884CJC5;
				INFOPLIST_FILE = Cinema/Info.plist;
				LD_RUNPATH_SEARCH_PATHS = (
					"$(inherited)",
					"@executable_path/Frameworks",
				);
				PRODUCT_BUNDLE_IDENTIFIER = com.shopback.Cinema;
				PRODUCT_NAME = "$(TARGET_NAME)";
				SWIFT_VERSION = 4.2;
				TARGETED_DEVICE_FAMILY = "1,2";
			};
			name = Release;
		};
		9FD3DF91224146CF004DE327 /* Debug */ = {
			isa = XCBuildConfiguration;
			baseConfigurationReference = BB1FE09F1E1B180169CA04A5 /* Pods-CinemaTests.debug.xcconfig */;
			buildSettings = {
				ALWAYS_EMBED_SWIFT_STANDARD_LIBRARIES = YES;
				BUNDLE_LOADER = "$(TEST_HOST)";
				CODE_SIGN_STYLE = Automatic;
				DEVELOPMENT_TEAM = 2N7884CJC5;
				INFOPLIST_FILE = CinemaTests/Info.plist;
				LD_RUNPATH_SEARCH_PATHS = (
					"$(inherited)",
					"@executable_path/Frameworks",
					"@loader_path/Frameworks",
				);
				PRODUCT_BUNDLE_IDENTIFIER = com.shopback.CinemaTests;
				PRODUCT_NAME = "$(TARGET_NAME)";
				SWIFT_VERSION = 4.2;
				TARGETED_DEVICE_FAMILY = "1,2";
				TEST_HOST = "$(BUILT_PRODUCTS_DIR)/Cinema.app/Cinema";
			};
			name = Debug;
		};
		9FD3DF92224146CF004DE327 /* Release */ = {
			isa = XCBuildConfiguration;
			baseConfigurationReference = 5B1DC811EBCE32374501728B /* Pods-CinemaTests.release.xcconfig */;
			buildSettings = {
				ALWAYS_EMBED_SWIFT_STANDARD_LIBRARIES = YES;
				BUNDLE_LOADER = "$(TEST_HOST)";
				CODE_SIGN_STYLE = Automatic;
				DEVELOPMENT_TEAM = 2N7884CJC5;
				INFOPLIST_FILE = CinemaTests/Info.plist;
				LD_RUNPATH_SEARCH_PATHS = (
					"$(inherited)",
					"@executable_path/Frameworks",
					"@loader_path/Frameworks",
				);
				PRODUCT_BUNDLE_IDENTIFIER = com.shopback.CinemaTests;
				PRODUCT_NAME = "$(TARGET_NAME)";
				SWIFT_VERSION = 4.2;
				TARGETED_DEVICE_FAMILY = "1,2";
				TEST_HOST = "$(BUILT_PRODUCTS_DIR)/Cinema.app/Cinema";
			};
			name = Release;
		};
		9FD3DF94224146CF004DE327 /* Debug */ = {
			isa = XCBuildConfiguration;
			baseConfigurationReference = FFC77941CA8937A417DDE1C0 /* Pods-CinemaUITests.debug.xcconfig */;
			buildSettings = {
				ALWAYS_EMBED_SWIFT_STANDARD_LIBRARIES = YES;
				CODE_SIGN_STYLE = Automatic;
				DEVELOPMENT_TEAM = 2N7884CJC5;
				INFOPLIST_FILE = CinemaUITests/Info.plist;
				LD_RUNPATH_SEARCH_PATHS = (
					"$(inherited)",
					"@executable_path/Frameworks",
					"@loader_path/Frameworks",
				);
				PRODUCT_BUNDLE_IDENTIFIER = com.shopback.CinemaUITests;
				PRODUCT_NAME = "$(TARGET_NAME)";
				SWIFT_VERSION = 4.2;
				TARGETED_DEVICE_FAMILY = "1,2";
				TEST_TARGET_NAME = Cinema;
			};
			name = Debug;
		};
		9FD3DF95224146CF004DE327 /* Release */ = {
			isa = XCBuildConfiguration;
			baseConfigurationReference = 57E360C50C05FF66370D855F /* Pods-CinemaUITests.release.xcconfig */;
			buildSettings = {
				ALWAYS_EMBED_SWIFT_STANDARD_LIBRARIES = YES;
				CODE_SIGN_STYLE = Automatic;
				DEVELOPMENT_TEAM = 2N7884CJC5;
				INFOPLIST_FILE = CinemaUITests/Info.plist;
				LD_RUNPATH_SEARCH_PATHS = (
					"$(inherited)",
					"@executable_path/Frameworks",
					"@loader_path/Frameworks",
				);
				PRODUCT_BUNDLE_IDENTIFIER = com.shopback.CinemaUITests;
				PRODUCT_NAME = "$(TARGET_NAME)";
				SWIFT_VERSION = 4.2;
				TARGETED_DEVICE_FAMILY = "1,2";
				TEST_TARGET_NAME = Cinema;
			};
			name = Release;
		};
/* End XCBuildConfiguration section */

/* Begin XCConfigurationList section */
		9FD3DF60224146CC004DE327 /* Build configuration list for PBXProject "Cinema" */ = {
			isa = XCConfigurationList;
			buildConfigurations = (
				9FD3DF8B224146CF004DE327 /* Debug */,
				9FD3DF8C224146CF004DE327 /* Release */,
			);
			defaultConfigurationIsVisible = 0;
			defaultConfigurationName = Release;
		};
		9FD3DF8D224146CF004DE327 /* Build configuration list for PBXNativeTarget "Cinema" */ = {
			isa = XCConfigurationList;
			buildConfigurations = (
				9FD3DF8E224146CF004DE327 /* Debug */,
				9FD3DF8F224146CF004DE327 /* Release */,
			);
			defaultConfigurationIsVisible = 0;
			defaultConfigurationName = Release;
		};
		9FD3DF90224146CF004DE327 /* Build configuration list for PBXNativeTarget "CinemaTests" */ = {
			isa = XCConfigurationList;
			buildConfigurations = (
				9FD3DF91224146CF004DE327 /* Debug */,
				9FD3DF92224146CF004DE327 /* Release */,
			);
			defaultConfigurationIsVisible = 0;
			defaultConfigurationName = Release;
		};
		9FD3DF93224146CF004DE327 /* Build configuration list for PBXNativeTarget "CinemaUITests" */ = {
			isa = XCConfigurationList;
			buildConfigurations = (
				9FD3DF94224146CF004DE327 /* Debug */,
				9FD3DF95224146CF004DE327 /* Release */,
			);
			defaultConfigurationIsVisible = 0;
			defaultConfigurationName = Release;
		};
/* End XCConfigurationList section */
	};
	rootObject = 9FD3DF5D224146CC004DE327 /* Project object */;
}
